{
  "name": "espruino-mock-ruuvi",
  "version": "0.0.1",
  "lockfileVersion": 1,
  "requires": true,
  "dependencies": {
    "Ruuvitag": {
      "version": "file:local_modules/Ruuvitag"
    },
    "ble_eddystone": {
      "version": "file:local_modules/ble_eddystone"
    },
    "ble_ibeacon": {
      "version": "file:local_modules/ble_ibeacon"
    }
  }
}
